
Microsoft Visual Studio Solution File, Format Version 12.00
# Visual Studio 15
VisualStudioVersion = 15.0.27703.2042
MinimumVisualStudioVersion = 10.0.40219.1
Project("{FAE04EC0-301F-11D3-BF4B-00C04F79EFBC}") = "Labrador", "Labrador\Labrador.csproj", "{085EF4B5-D4AD-4E12-93A5-BB224546D5C1}"
EndProject
Global
	GlobalSection(SolutionConfigurationPlatforms) = preSolution
		Debug|Any CPU = Debug|Any CPU
		Release|Any CPU = Release|Any CPU
	EndGlobalSection
	GlobalSection(ProjectConfigurationPlatforms) = postSolution
		{085EF4B5-D4AD-4E12-93A5-BB224546D5C1}.Debug|Any CPU.ActiveCfg = Debug|Any CPU
		{085EF4B5-D4AD-4E12-93A5-BB224546D5C1}.Debug|Any CPU.Build.0 = Debug|Any CPU
		{085EF4B5-D4AD-4E12-93A5-BB224546D5C1}.Release|Any CPU.ActiveCfg = Release|Any CPU
		{085EF4B5-D4AD-4E12-93A5-BB224546D5C1}.Release|Any CPU.Build.0 = Release|Any CPU
	EndGlobalSection
	GlobalSection(SolutionProperties) = preSolution
		HideSolutionNode = FALSE
	EndGlobalSection
	GlobalSection(ExtensibilityGlobals) = postSolution
		SolutionGuid = {B028C838-3814-4CA9-818E-E2ECA57172B5}
	EndGlobalSection
EndGlobal
